
Microsoft Visual Studio Solution File, Format Version 12.00
# Visual Studio 15
VisualStudioVersion = 15.0.28307.902
MinimumVisualStudioVersion = 10.0.40219.1
Project("{FAE04EC0-301F-11D3-BF4B-00C04F79EFBC}") = "DiskInventoryFront", "DiskInventoryFront\DiskInventoryFront.csproj", "{CF40F57A-8D93-4F25-B204-DF027AE4F3DE}"
EndProject
Project("{2150E333-8FDC-42A3-9474-1A3956D46DE8}") = "Solution Items", "Solution Items", "{71F5A54D-7345-4A83-8E70-8B25532A8D81}"
	ProjectSection(SolutionItems) = preProject
		..\..\..\Users\bhernandez\Downloads\disc.png = ..\..\..\Users\bhernandez\Downloads\disc.png
	EndProjectSection
EndProject
Global
	GlobalSection(SolutionConfigurationPlatforms) = preSolution
		Debug|Any CPU = Debug|Any CPU
		Release|Any CPU = Release|Any CPU
	EndGlobalSection
	GlobalSection(ProjectConfigurationPlatforms) = postSolution
		{CF40F57A-8D93-4F25-B204-DF027AE4F3DE}.Debug|Any CPU.ActiveCfg = Debug|Any CPU
		{CF40F57A-8D93-4F25-B204-DF027AE4F3DE}.Debug|Any CPU.Build.0 = Debug|Any CPU
		{CF40F57A-8D93-4F25-B204-DF027AE4F3DE}.Release|Any CPU.ActiveCfg = Release|Any CPU
		{CF40F57A-8D93-4F25-B204-DF027AE4F3DE}.Release|Any CPU.Build.0 = Release|Any CPU
	EndGlobalSection
	GlobalSection(SolutionProperties) = preSolution
		HideSolutionNode = FALSE
	EndGlobalSection
	GlobalSection(ExtensibilityGlobals) = postSolution
		SolutionGuid = {DF79B17B-AAAD-4F2E-BFED-D5A58DA6CCE6}
	EndGlobalSection
EndGlobal
